
Microsoft Visual Studio Solution File, Format Version 12.00
# Visual Studio Version 17
VisualStudioVersion = 17.14.36414.22
MinimumVisualStudioVersion = 10.0.40219.1
Project("{2150E333-8FDC-42A3-9474-1A3956D46DE8}") = "Task0", "Task0", "{02EA681E-C7D8-13C7-8484-4AC65E1B71E8}"
EndProject
Project("{FAE04EC0-301F-11D3-BF4B-00C04F79EFBC}") = "Tyuiu.PautovaMO.Sprint6.Task0.V22.Lib", "Tyuiu.PautovaMO.Sprint6.Task0.V22.Lib\Tyuiu.PautovaMO.Sprint6.Task0.V22.Lib.csproj", "{4B0C82EC-DED6-4C8D-B72E-E7EE0F276578}"
EndProject
Project("{FAE04EC0-301F-11D3-BF4B-00C04F79EFBC}") = "Tyuiu.PautovaMO.Sprint6.Task0.V22.Test", "Tyuiu.PautovaMO.Sprint6.Task0.V22.Test\Tyuiu.PautovaMO.Sprint6.Task0.V22.Test.csproj", "{42F043EF-B7DD-429E-92C3-28CEB251198E}"
EndProject
Project("{FAE04EC0-301F-11D3-BF4B-00C04F79EFBC}") = "Tyuiu.PautovaMO.Sprint6.Task0.V22", "Tyuiu.PautovaMO.Sprint6.Task0.V22\Tyuiu.PautovaMO.Sprint6.Task0.V22.csproj", "{92CACB4D-85A5-4301-A89B-66B8771871D0}"
EndProject
Project("{2150E333-8FDC-42A3-9474-1A3956D46DE8}") = "Task1", "Task1", "{849137F6-199D-403D-A753-D12A336E1B7F}"
EndProject
Project("{FAE04EC0-301F-11D3-BF4B-00C04F79EFBC}") = "Tyuiu.PautovaMO.Sprint6.Task1.V6.Lib", "Tyuiu.PautovaMO.Sprint6.Task1.V6.Lib\Tyuiu.PautovaMO.Sprint6.Task1.V6.Lib.csproj", "{C5270D30-00FD-4C57-A0E3-190F85A42020}"
EndProject
Project("{FAE04EC0-301F-11D3-BF4B-00C04F79EFBC}") = "Tyuiu.PautovaMO.Sprint6.Task1.V6.Test", "Tyuiu.PautovaMO.Sprint6.Task1.V6.Test\Tyuiu.PautovaMO.Sprint6.Task1.V6.Test.csproj", "{5329FD96-18CF-4A92-AEC0-77477CF2484C}"
EndProject
Project("{FAE04EC0-301F-11D3-BF4B-00C04F79EFBC}") = "Tyuiu.PautovaMO.Sprint6.Task1.V6", "Tyuiu.PautovaMO.Sprint6.Task1.V6\Tyuiu.PautovaMO.Sprint6.Task1.V6.csproj", "{8D28B1BF-8437-4A90-A78F-14E93F050143}"
EndProject
Project("{2150E333-8FDC-42A3-9474-1A3956D46DE8}") = "Task2", "Task2", "{B8F7C3EE-6ADD-4CF5-A49C-51F026D8CBBF}"
EndProject
Project("{FAE04EC0-301F-11D3-BF4B-00C04F79EFBC}") = "Tyuiu.PautovaMO.Sprint6.Task2.V16.Lib", "Tyuiu.PautovaMO.Sprint6.Task2.V16.Lib\Tyuiu.PautovaMO.Sprint6.Task2.V16.Lib.csproj", "{89A0097A-E47A-438B-A858-166BF29782F6}"
EndProject
Project("{FAE04EC0-301F-11D3-BF4B-00C04F79EFBC}") = "Tyuiu.PautovaMO.Sprint6.Task2.V16.Test", "Tyuiu.PautovaMO.Sprint6.Task2.V16.Test\Tyuiu.PautovaMO.Sprint6.Task2.V16.Test.csproj", "{9E9D6CD1-0C81-4C44-A6C4-AF2A4A48ECEB}"
EndProject
Project("{FAE04EC0-301F-11D3-BF4B-00C04F79EFBC}") = "Tyuiu.PautovaMO.Sprint6.Task2.V16", "Tyuiu.PautovaMO.Sprint6.Task2.V16\Tyuiu.PautovaMO.Sprint6.Task2.V16.csproj", "{90B3073E-244C-4A46-A796-446DE9C04D44}"
EndProject
Global
	GlobalSection(SolutionConfigurationPlatforms) = preSolution
		Debug|Any CPU = Debug|Any CPU
		Release|Any CPU = Release|Any CPU
	EndGlobalSection
	GlobalSection(ProjectConfigurationPlatforms) = postSolution
		{4B0C82EC-DED6-4C8D-B72E-E7EE0F276578}.Debug|Any CPU.ActiveCfg = Debug|Any CPU
		{4B0C82EC-DED6-4C8D-B72E-E7EE0F276578}.Debug|Any CPU.Build.0 = Debug|Any CPU
		{4B0C82EC-DED6-4C8D-B72E-E7EE0F276578}.Release|Any CPU.ActiveCfg = Release|Any CPU
		{4B0C82EC-DED6-4C8D-B72E-E7EE0F276578}.Release|Any CPU.Build.0 = Release|Any CPU
		{42F043EF-B7DD-429E-92C3-28CEB251198E}.Debug|Any CPU.ActiveCfg = Debug|Any CPU
		{42F043EF-B7DD-429E-92C3-28CEB251198E}.Debug|Any CPU.Build.0 = Debug|Any CPU
		{42F043EF-B7DD-429E-92C3-28CEB251198E}.Release|Any CPU.ActiveCfg = Release|Any CPU
		{42F043EF-B7DD-429E-92C3-28CEB251198E}.Release|Any CPU.Build.0 = Release|Any CPU
		{92CACB4D-85A5-4301-A89B-66B8771871D0}.Debug|Any CPU.ActiveCfg = Debug|Any CPU
		{92CACB4D-85A5-4301-A89B-66B8771871D0}.Debug|Any CPU.Build.0 = Debug|Any CPU
		{92CACB4D-85A5-4301-A89B-66B8771871D0}.Release|Any CPU.ActiveCfg = Release|Any CPU
		{92CACB4D-85A5-4301-A89B-66B8771871D0}.Release|Any CPU.Build.0 = Release|Any CPU
		{C5270D30-00FD-4C57-A0E3-190F85A42020}.Debug|Any CPU.ActiveCfg = Debug|Any CPU
		{C5270D30-00FD-4C57-A0E3-190F85A42020}.Debug|Any CPU.Build.0 = Debug|Any CPU
		{C5270D30-00FD-4C57-A0E3-190F85A42020}.Release|Any CPU.ActiveCfg = Release|Any CPU
		{C5270D30-00FD-4C57-A0E3-190F85A42020}.Release|Any CPU.Build.0 = Release|Any CPU
		{5329FD96-18CF-4A92-AEC0-77477CF2484C}.Debug|Any CPU.ActiveCfg = Debug|Any CPU
		{5329FD96-18CF-4A92-AEC0-77477CF2484C}.Debug|Any CPU.Build.0 = Debug|Any CPU
		{5329FD96-18CF-4A92-AEC0-77477CF2484C}.Release|Any CPU.ActiveCfg = Release|Any CPU
		{5329FD96-18CF-4A92-AEC0-77477CF2484C}.Release|Any CPU.Build.0 = Release|Any CPU
		{8D28B1BF-8437-4A90-A78F-14E93F050143}.Debug|Any CPU.ActiveCfg = Debug|Any CPU
		{8D28B1BF-8437-4A90-A78F-14E93F050143}.Debug|Any CPU.Build.0 = Debug|Any CPU
		{8D28B1BF-8437-4A90-A78F-14E93F050143}.Release|Any CPU.ActiveCfg = Release|Any CPU
		{8D28B1BF-8437-4A90-A78F-14E93F050143}.Release|Any CPU.Build.0 = Release|Any CPU
		{89A0097A-E47A-438B-A858-166BF29782F6}.Debug|Any CPU.ActiveCfg = Debug|Any CPU
		{89A0097A-E47A-438B-A858-166BF29782F6}.Debug|Any CPU.Build.0 = Debug|Any CPU
		{89A0097A-E47A-438B-A858-166BF29782F6}.Release|Any CPU.ActiveCfg = Release|Any CPU
		{89A0097A-E47A-438B-A858-166BF29782F6}.Release|Any CPU.Build.0 = Release|Any CPU
		{9E9D6CD1-0C81-4C44-A6C4-AF2A4A48ECEB}.Debug|Any CPU.ActiveCfg = Debug|Any CPU
		{9E9D6CD1-0C81-4C44-A6C4-AF2A4A48ECEB}.Debug|Any CPU.Build.0 = Debug|Any CPU
		{9E9D6CD1-0C81-4C44-A6C4-AF2A4A48ECEB}.Release|Any CPU.ActiveCfg = Release|Any CPU
		{9E9D6CD1-0C81-4C44-A6C4-AF2A4A48ECEB}.Release|Any CPU.Build.0 = Release|Any CPU
		{90B3073E-244C-4A46-A796-446DE9C04D44}.Debug|Any CPU.ActiveCfg = Debug|Any CPU
		{90B3073E-244C-4A46-A796-446DE9C04D44}.Debug|Any CPU.Build.0 = Debug|Any CPU
		{90B3073E-244C-4A46-A796-446DE9C04D44}.Release|Any CPU.ActiveCfg = Release|Any CPU
		{90B3073E-244C-4A46-A796-446DE9C04D44}.Release|Any CPU.Build.0 = Release|Any CPU
	EndGlobalSection
	GlobalSection(SolutionProperties) = preSolution
		HideSolutionNode = FALSE
	EndGlobalSection
	GlobalSection(NestedProjects) = preSolution
		{4B0C82EC-DED6-4C8D-B72E-E7EE0F276578} = {02EA681E-C7D8-13C7-8484-4AC65E1B71E8}
		{42F043EF-B7DD-429E-92C3-28CEB251198E} = {02EA681E-C7D8-13C7-8484-4AC65E1B71E8}
		{92CACB4D-85A5-4301-A89B-66B8771871D0} = {02EA681E-C7D8-13C7-8484-4AC65E1B71E8}
		{C5270D30-00FD-4C57-A0E3-190F85A42020} = {849137F6-199D-403D-A753-D12A336E1B7F}
		{5329FD96-18CF-4A92-AEC0-77477CF2484C} = {849137F6-199D-403D-A753-D12A336E1B7F}
		{8D28B1BF-8437-4A90-A78F-14E93F050143} = {849137F6-199D-403D-A753-D12A336E1B7F}
		{89A0097A-E47A-438B-A858-166BF29782F6} = {B8F7C3EE-6ADD-4CF5-A49C-51F026D8CBBF}
		{9E9D6CD1-0C81-4C44-A6C4-AF2A4A48ECEB} = {B8F7C3EE-6ADD-4CF5-A49C-51F026D8CBBF}
		{90B3073E-244C-4A46-A796-446DE9C04D44} = {B8F7C3EE-6ADD-4CF5-A49C-51F026D8CBBF}
	EndGlobalSection
	GlobalSection(ExtensibilityGlobals) = postSolution
		SolutionGuid = {0C5DEB4B-F6FB-44B5-B497-5431519D2B19}
	EndGlobalSection
EndGlobal
